
Microsoft Visual Studio Solution File, Format Version 12.00
# Visual Studio Version 17
VisualStudioVersion = 17.12.35527.113 d17.12
MinimumVisualStudioVersion = 10.0.40219.1
Project("{FAE04EC0-301F-11D3-BF4B-00C04F79EFBC}") = "StudentManagementSystem.Server", "StudentManagementSystem.Server\StudentManagementSystem.Server.csproj", "{DD9E7059-C9C0-4BE9-B50D-E3EC513F97CD}"
EndProject
Project("{54A90642-561A-4BB1-A94E-469ADEE60C69}") = "studentmanagementsystem.client", "studentmanagementsystem.client\studentmanagementsystem.client.esproj", "{73C54D11-4510-4780-95BD-B83C99FDE901}"
EndProject
Global
	GlobalSection(SolutionConfigurationPlatforms) = preSolution
		Debug|Any CPU = Debug|Any CPU
		Release|Any CPU = Release|Any CPU
	EndGlobalSection
	GlobalSection(ProjectConfigurationPlatforms) = postSolution
		{DD9E7059-C9C0-4BE9-B50D-E3EC513F97CD}.Debug|Any CPU.ActiveCfg = Debug|Any CPU
		{DD9E7059-C9C0-4BE9-B50D-E3EC513F97CD}.Debug|Any CPU.Build.0 = Debug|Any CPU
		{DD9E7059-C9C0-4BE9-B50D-E3EC513F97CD}.Release|Any CPU.ActiveCfg = Release|Any CPU
		{DD9E7059-C9C0-4BE9-B50D-E3EC513F97CD}.Release|Any CPU.Build.0 = Release|Any CPU
		{73C54D11-4510-4780-95BD-B83C99FDE901}.Debug|Any CPU.ActiveCfg = Debug|Any CPU
		{73C54D11-4510-4780-95BD-B83C99FDE901}.Debug|Any CPU.Build.0 = Debug|Any CPU
		{73C54D11-4510-4780-95BD-B83C99FDE901}.Debug|Any CPU.Deploy.0 = Debug|Any CPU
		{73C54D11-4510-4780-95BD-B83C99FDE901}.Release|Any CPU.ActiveCfg = Release|Any CPU
		{73C54D11-4510-4780-95BD-B83C99FDE901}.Release|Any CPU.Build.0 = Release|Any CPU
		{73C54D11-4510-4780-95BD-B83C99FDE901}.Release|Any CPU.Deploy.0 = Release|Any CPU
	EndGlobalSection
	GlobalSection(SolutionProperties) = preSolution
		HideSolutionNode = FALSE
	EndGlobalSection
EndGlobal
